<?xml version="1.0" encoding="utf-8"?>
<Project ToolsVersion="4.0" xmlns="http://schemas.microsoft.com/developer/msbuild/2003">
  <ItemGroup>
    <Filter Include="Source Files">
      <UniqueIdentifier>{4FC737F1-C7A5-4376-A066-2A32D752A2FF}</UniqueIdentifier>
      <Extensions>cpp;c;cc;cxx;c++;cppm;ixx;def;odl;idl;hpj;bat;asm;asmx</Extensions>
    </Filter>
    <Filter Include="Header Files">
      <UniqueIdentifier>{93995380-89BD-4b04-88EB-625FBE52EBFB}</UniqueIdentifier>
      <Extensions>h;hh;hpp;hxx;h++;hm;inl;inc;ipp;xsd</Extensions>
    </Filter>
    <Filter Include="Resource Files">
      <UniqueIdentifier>{67DA6AB6-F800-4c08-8B7A-83BB121AAD01}</UniqueIdentifier>
      <Extensions>rc;ico;cur;bmp;dlg;rc2;rct;bin;rgs;gif;jpg;jpeg;jpe;resx;tiff;tif;png;wav;mfcribbon-ms</Extensions>
    </Filter>
  </ItemGroup>
  <ItemGroup>
    <ClCompile Include="Day003_BasicCalculation_.cpp">
      <Filter>Source Files</Filter>
    </ClCompile>
    <ClCompile Include="Day004_Float.cpp">
      <Filter>Source Files</Filter>
    </ClCompile>
    <ClCompile Include="Day005_Divisor.cpp">
      <Filter>Source Files</Filter>
    </ClCompile>
    <ClCompile Include="Day006_OperatorCalculation.cpp">
      <Filter>Source Files</Filter>
    </ClCompile>
    <ClCompile Include="Day007_1_DungeonEntryCount.cpp">
      <Filter>Source Files</Filter>
    </ClCompile>
    <ClCompile Include="Day007_2_OverwatchTier.cpp">
      <Filter>Source Files</Filter>
    </ClCompile>
    <ClCompile Include="Day008_EvenOrOdd_Type1.cpp">
      <Filter>Source Files</Filter>
    </ClCompile>
    <ClCompile Include="Day008_EvenOrOdd_Type2.cpp">
      <Filter>Source Files</Filter>
    </ClCompile>
    <ClCompile Include="Day009_GradeAtoF_Type2.cpp">
      <Filter>Source Files</Filter>
    </ClCompile>
    <ClCompile Include="Day009_GradeAtoF_Type1.cpp">
      <Filter>Source Files</Filter>
    </ClCompile>
    <ClCompile Include="Day009_TheSmallestNumber.cpp">
      <Filter>Source Files</Filter>
    </ClCompile>
    <ClCompile Include="Day010_PrintArrayUsing2IntNumber.cpp">
      <Filter>Source Files</Filter>
    </ClCompile>
    <ClCompile Include="Day011_NumberSUM_Type1.cpp">
      <Filter>Source Files</Filter>
    </ClCompile>
    <ClCompile Include="Day011_PrintAllDivisor.cpp">
      <Filter>Source Files</Filter>
    </ClCompile>
    <ClCompile Include="Day011_WhileAndFor.cpp">
      <Filter>Source Files</Filter>
    </ClCompile>
    <ClCompile Include="Day011_DivisorNumber.cpp">
      <Filter>Source Files</Filter>
    </ClCompile>
    <ClCompile Include="Day012_FibonacciNumbers.cpp">
      <Filter>Source Files</Filter>
    </ClCompile>
    <ClCompile Include="Day012_DecimalPlaces_Type1.cpp">
      <Filter>Source Files</Filter>
    </ClCompile>
    <ClCompile Include="Day012_DecimalPlaeces_Type2.cpp">
      <Filter>Source Files</Filter>
    </ClCompile>
    <ClCompile Include="Day015_StarPrint_SentenceFor_Type3.cpp">
      <Filter>Source Files</Filter>
    </ClCompile>
    <ClCompile Include="Day015_StarPrint_SentenceFor_Type4.cpp">
      <Filter>Source Files</Filter>
    </ClCompile>
    <ClCompile Include="Day016_PracticeArray_Type1.cpp">
      <Filter>Source Files</Filter>
    </ClCompile>
    <ClCompile Include="Day017_PracticeArray_Type1_2.cpp">
      <Filter>Source Files</Filter>
    </ClCompile>
    <ClCompile Include="Day017_PracticeArray_Type2.cpp">
      <Filter>Source Files</Filter>
    </ClCompile>
    <ClCompile Include="Day017_PracticeArray_Type3.cpp">
      <Filter>Source Files</Filter>
    </ClCompile>
    <ClCompile Include="Day019_PracticeArray_3Drainage.cpp">
      <Filter>Source Files</Filter>
    </ClCompile>
    <ClCompile Include="Day019_PracticeArray_Fibonacci.cpp">
      <Filter>Source Files</Filter>
    </ClCompile>
    <ClCompile Include="Day019_PracticeArray_EvenSum_OddAverage.cpp">
      <Filter>Source Files</Filter>
    </ClCompile>
    <ClCompile Include="Day020_racticeArray_Print2D.cpp">
      <Filter>Source Files</Filter>
    </ClCompile>
  </ItemGroup>
</Project>