<?xml version="1.0" encoding="utf-8"?>
<Project ToolsVersion="4.0" xmlns="http://schemas.microsoft.com/developer/msbuild/2003">
  <ItemGroup>
    <Filter Include="Source Files">
      <UniqueIdentifier>{4FC737F1-C7A5-4376-A066-2A32D752A2FF}</UniqueIdentifier>
      <Extensions>cpp;c;cc;cxx;c++;cppm;ixx;def;odl;idl;hpj;bat;asm;asmx</Extensions>
    </Filter>
    <Filter Include="Header Files">
      <UniqueIdentifier>{93995380-89BD-4b04-88EB-625FBE52EBFB}</UniqueIdentifier>
      <Extensions>h;hh;hpp;hxx;h++;hm;inl;inc;ipp;xsd</Extensions>
    </Filter>
    <Filter Include="Resource Files">
      <UniqueIdentifier>{67DA6AB6-F800-4c08-8B7A-83BB121AAD01}</UniqueIdentifier>
      <Extensions>rc;ico;cur;bmp;dlg;rc2;rct;bin;rgs;gif;jpg;jpeg;jpe;resx;tiff;tif;png;wav;mfcribbon-ms</Extensions>
    </Filter>
  </ItemGroup>
  <ItemGroup>
    <ClCompile Include="Day003_BasicCalculation_.cpp">
      <Filter>Source Files</Filter>
    </ClCompile>
    <ClCompile Include="Day004_Float.cpp">
      <Filter>Source Files</Filter>
    </ClCompile>
    <ClCompile Include="Day005_Divisor.cpp">
      <Filter>Source Files</Filter>
    </ClCompile>
    <ClCompile Include="Day006_OperatorCalculation.cpp">
      <Filter>Source Files</Filter>
    </ClCompile>
    <ClCompile Include="Day007_1_DungeonEntryCount.cpp">
      <Filter>Source Files</Filter>
    </ClCompile>
    <ClCompile Include="Day007_2_OverwatchTier.cpp">
      <Filter>Source Files</Filter>
    </ClCompile>
    <ClCompile Include="Day008_EvenOrOdd_Type1.cpp">
      <Filter>Source Files</Filter>
    </ClCompile>
    <ClCompile Include="Day008_EvenOrOdd_Type2.cpp">
      <Filter>Source Files</Filter>
    </ClCompile>
    <ClCompile Include="Day009_GradeAtoF_Type2.cpp">
      <Filter>Source Files</Filter>
    </ClCompile>
    <ClCompile Include="Day009_GradeAtoF_Type1.cpp">
      <Filter>Source Files</Filter>
    </ClCompile>
    <ClCompile Include="Day009_TheSmallestNumber.cpp">
      <Filter>Source Files</Filter>
    </ClCompile>
    <ClCompile Include="Day010_PrintArrayUsing2IntNumber.cpp">
      <Filter>Source Files</Filter>
    </ClCompile>
    <ClCompile Include="Day011_NumberSUM_Type1.cpp">
      <Filter>Source Files</Filter>
    </ClCompile>
    <ClCompile Include="Day011_PrintAllDivisor.cpp">
      <Filter>Source Files</Filter>
    </ClCompile>
    <ClCompile Include="Day011_WhileAndFor.cpp">
      <Filter>Source Files</Filter>
    </ClCompile>
    <ClCompile Include="Day011_DivisorNumber.cpp">
      <Filter>Source Files</Filter>
    </ClCompile>
    <ClCompile Include="Day012_FibonacciNumbers.cpp">
      <Filter>Source Files</Filter>
    </ClCompile>
    <ClCompile Include="Day012_DecimalPlaces_Type1.cpp">
      <Filter>Source Files</Filter>
    </ClCompile>
    <ClCompile Include="Day012_DecimalPlaeces_Type2.cpp">
      <Filter>Source Files</Filter>
    </ClCompile>
    <ClCompile Include="Day015_StarPrint_SentenceFor_Type3.cpp">
      <Filter>Source Files</Filter>
    </ClCompile>
    <ClCompile Include="Day015_StarPrint_SentenceFor_Type4.cpp">
      <Filter>Source Files</Filter>
    </ClCompile>
    <ClCompile Include="Day016_PracticeArray_Type1.cpp">
      <Filter>Source Files</Filter>
    </ClCompile>
    <ClCompile Include="Day017_PracticeArray_Type1_2.cpp">
      <Filter>Source Files</Filter>
    </ClCompile>
    <ClCompile Include="Day017_PracticeArray_Type2.cpp">
      <Filter>Source Files</Filter>
    </ClCompile>
    <ClCompile Include="Day017_PracticeArray_Type3.cpp">
      <Filter>Source Files</Filter>
    </ClCompile>
    <ClCompile Include="Day019_PracticeArray_3Drainage.cpp">
      <Filter>Source Files</Filter>
    </ClCompile>
    <ClCompile Include="Day019_PracticeArray_Fibonacci.cpp">
      <Filter>Source Files</Filter>
    </ClCompile>
    <ClCompile Include="Day019_PracticeArray_EvenSum_OddAverage.cpp">
      <Filter>Source Files</Filter>
    </ClCompile>
    <ClCompile Include="Day020_PracticeArray_Print2D.cpp">
      <Filter>Source Files</Filter>
    </ClCompile>
    <ClCompile Include="Day021_PracticeArray_MagicSquare_5by5.cpp">
      <Filter>Source Files</Filter>
    </ClCompile>
    <ClCompile Include="Day022_PracticeArray_NumberSnake1.cpp">
      <Filter>Source Files</Filter>
    </ClCompile>
    <ClCompile Include="Day022_PracticeArray_NumberSnake2.cpp">
      <Filter>Source Files</Filter>
    </ClCompile>
    <ClCompile Include="Day023_PracticeArray_NumberSnake3.cpp">
      <Filter>Source Files</Filter>
    </ClCompile>
    <ClCompile Include="Day024_PracticePointer_Start1.cpp">
      <Filter>Source Files</Filter>
    </ClCompile>
    <ClCompile Include="Day025_PracticePointer_Start2.cpp">
      <Filter>Source Files</Filter>
    </ClCompile>
    <ClCompile Include="Day025_PracticePointer_Start3.cpp">
      <Filter>Source Files</Filter>
    </ClCompile>
    <ClCompile Include="Day026_PracticePointer_Start5.cpp">
      <Filter>Source Files</Filter>
    </ClCompile>
    <ClCompile Include="Day026_PracticePoiniter_Start4.cpp">
      <Filter>Source Files</Filter>
    </ClCompile>
    <ClCompile Include="Day027_PracticeFunction_Start.cpp">
      <Filter>Source Files</Filter>
    </ClCompile>
    <ClCompile Include="Day028_PracticeFunction_Start2.cpp">
      <Filter>Source Files</Filter>
    </ClCompile>
    <ClCompile Include="Day028_PracticeFunction_Start2_ex1.cpp">
      <Filter>Source Files</Filter>
    </ClCompile>
    <ClCompile Include="Day029_PracticeFunction_Start3.cpp">
      <Filter>Source Files</Filter>
    </ClCompile>
    <ClCompile Include="Day029_PracticeFunction_Start4.cpp">
      <Filter>Source Files</Filter>
    </ClCompile>
    <ClCompile Include="Day030_PracticeFunction_Start5_arrary.cpp">
      <Filter>Source Files</Filter>
    </ClCompile>
    <ClCompile Include="Day031_PracticeFunction_ex1.cpp">
      <Filter>Source Files</Filter>
    </ClCompile>
    <ClCompile Include="Day031_PracticeFunction_ex3.cpp">
      <Filter>Source Files</Filter>
    </ClCompile>
    <ClCompile Include="Day032_PracticeFunction_Start6_return1.cpp">
      <Filter>Source Files</Filter>
    </ClCompile>
    <ClCompile Include="Day032_PracticeFunction_Start6_return2.cpp">
      <Filter>Source Files</Filter>
    </ClCompile>
    <ClCompile Include="Day032_PracticeFunction_Start6_return3.cpp">
      <Filter>Source Files</Filter>
    </ClCompile>
    <ClCompile Include="Day031_PracticeFunction_ex2.cpp">
      <Filter>Source Files</Filter>
    </ClCompile>
    <ClCompile Include="Day033_PracticeFunction_Start7_overloading.cpp">
      <Filter>Source Files</Filter>
    </ClCompile>
    <ClCompile Include="Day034_PracticeFunction_Start8.cpp">
      <Filter>Source Files</Filter>
    </ClCompile>
    <ClCompile Include="Day034_PracticeFunction_Start9.cpp">
      <Filter>Source Files</Filter>
    </ClCompile>
    <ClCompile Include="Day036_PracticeFuction_String1.cpp">
      <Filter>Source Files</Filter>
    </ClCompile>
    <ClCompile Include="Day036_PracticeFuction_String2.cpp">
      <Filter>Source Files</Filter>
    </ClCompile>
    <ClCompile Include="Day036_PracticeFuction_String3.cpp">
      <Filter>Source Files</Filter>
    </ClCompile>
    <ClCompile Include="Day036_PracticeFuction_String4.cpp">
      <Filter>Source Files</Filter>
    </ClCompile>
    <ClCompile Include="Day037_PracticeFuction_String5_ex1.cpp">
      <Filter>Source Files</Filter>
    </ClCompile>
    <ClCompile Include="Day035_PracticeFunction_ex4_1.cpp">
      <Filter>Source Files</Filter>
    </ClCompile>
    <ClCompile Include="Day035_PracticeFunction_ex4_2.cpp">
      <Filter>Source Files</Filter>
    </ClCompile>
    <ClCompile Include="Day037_PracticeFuction_String5_ex2.cpp">
      <Filter>Source Files</Filter>
    </ClCompile>
    <ClCompile Include="Day037_PracticeFuction_String5_ex3.cpp">
      <Filter>Source Files</Filter>
    </ClCompile>
    <ClCompile Include="Day039_PracticeStruct_2.cpp">
      <Filter>Source Files</Filter>
    </ClCompile>
    <ClCompile Include="Day039_PracticeStruct_1.cpp">
      <Filter>Source Files</Filter>
    </ClCompile>
    <ClCompile Include="Day040_PracticeStruct_3.cpp">
      <Filter>Source Files</Filter>
    </ClCompile>
    <ClCompile Include="Day040_PracticeStruct_ex1_2.cpp">
      <Filter>Source Files</Filter>
    </ClCompile>
    <ClCompile Include="Day040_PracticeStruct_ex1_1.cpp">
      <Filter>Source Files</Filter>
    </ClCompile>
    <ClCompile Include="Day040_PracticeStruct_4.cpp">
      <Filter>Source Files</Filter>
    </ClCompile>
    <ClCompile Include="Day037_PracticeFuction_String5_ex4.cpp">
      <Filter>Source Files</Filter>
    </ClCompile>
    <ClCompile Include="Day037_PracticeFuction_String5_ex5.cpp">
      <Filter>Source Files</Filter>
    </ClCompile>
    <ClCompile Include="Day040_PracticeStruct_ex2.cpp">
      <Filter>Source Files</Filter>
    </ClCompile>
    <ClCompile Include="Day041_PracticeNamespace.cpp">
      <Filter>Source Files</Filter>
    </ClCompile>
    <ClCompile Include="Day042_PracticeClass_1.cpp">
      <Filter>Source Files</Filter>
    </ClCompile>
    <ClCompile Include="Day043_PracticeClass_2.cpp">
      <Filter>Source Files</Filter>
    </ClCompile>
    <ClCompile Include="PracticeClass_2.cpp">
      <Filter>Source Files</Filter>
    </ClCompile>
    <ClCompile Include="Day044_PracticeClass_3.cpp">
      <Filter>Source Files</Filter>
    </ClCompile>
    <ClCompile Include="PracticeClass_3.cpp">
      <Filter>Source Files</Filter>
    </ClCompile>
    <ClCompile Include="Day045_PracticeClass_4.cpp">
      <Filter>Source Files</Filter>
    </ClCompile>
    <ClCompile Include="Day046_PracticeClass_5.cpp">
      <Filter>Source Files</Filter>
    </ClCompile>
    <ClCompile Include="Day046_PracticeClass_6.cpp">
      <Filter>Source Files</Filter>
    </ClCompile>
    <ClCompile Include="PracticeClass_5_1.cpp">
      <Filter>Source Files</Filter>
    </ClCompile>
    <ClCompile Include="PracticeClass_5_2.cpp">
      <Filter>Source Files</Filter>
    </ClCompile>
    <ClCompile Include="Day047_PracticeClass_7.cpp">
      <Filter>Source Files</Filter>
    </ClCompile>
    <ClCompile Include="Day047_PracticeClass_8.cpp">
      <Filter>Source Files</Filter>
    </ClCompile>
    <ClCompile Include="Day047_PracticeClass_9.cpp">
      <Filter>Source Files</Filter>
    </ClCompile>
    <ClCompile Include="Day048_PracticeClass_10.cpp">
      <Filter>Source Files</Filter>
    </ClCompile>
    <ClCompile Include="Day048_PracticeClass_11.cpp">
      <Filter>Source Files</Filter>
    </ClCompile>
    <ClCompile Include="Day048_PracticeClass_12.cpp">
      <Filter>Source Files</Filter>
    </ClCompile>
    <ClCompile Include="Day049_PracticeClass_13.cpp">
      <Filter>Source Files</Filter>
    </ClCompile>
    <ClCompile Include="Day049_PracticeClass_14.cpp">
      <Filter>Source Files</Filter>
    </ClCompile>
    <ClCompile Include="Day050_PracticeClass_15.cpp">
      <Filter>Source Files</Filter>
    </ClCompile>
    <ClCompile Include="PracticeClass_15.cpp">
      <Filter>Source Files</Filter>
    </ClCompile>
    <ClCompile Include="Day050_PracticeClass_16.cpp">
      <Filter>Source Files</Filter>
    </ClCompile>
    <ClCompile Include="Day051_PracticeClass_17.cpp">
      <Filter>Source Files</Filter>
    </ClCompile>
    <ClCompile Include="PracticeClass_17.cpp">
      <Filter>Source Files</Filter>
    </ClCompile>
    <ClCompile Include="Day052_PracticeClass_19.cpp">
      <Filter>Source Files</Filter>
    </ClCompile>
    <ClCompile Include="Day051_PracticeClass_18.cpp">
      <Filter>Source Files</Filter>
    </ClCompile>
    <ClCompile Include="Day052_PracticeClass_20.cpp">
      <Filter>Source Files</Filter>
    </ClCompile>
    <ClCompile Include="Day053_PracticeClass_21.cpp">
      <Filter>Source Files</Filter>
    </ClCompile>
    <ClCompile Include="Day054_PracticeClass_22.cpp">
      <Filter>Source Files</Filter>
    </ClCompile>
    <ClCompile Include="Day055_PracticeClass_23.cpp">
      <Filter>Source Files</Filter>
    </ClCompile>
    <ClCompile Include="Day055_PracticeClass_24.cpp">
      <Filter>Source Files</Filter>
    </ClCompile>
    <ClCompile Include="Day056_PracticeClass_25.cpp">
      <Filter>Source Files</Filter>
    </ClCompile>
    <ClCompile Include="Day057_PracticeClass_26.cpp">
      <Filter>Source Files</Filter>
    </ClCompile>
    <ClCompile Include="PracticeClass_26_duck.cpp">
      <Filter>Source Files</Filter>
    </ClCompile>
    <ClCompile Include="PracticeClass_26_cat.cpp">
      <Filter>Source Files</Filter>
    </ClCompile>
    <ClCompile Include="Day057_PracticeClass_27.cpp">
      <Filter>Source Files</Filter>
    </ClCompile>
    <ClCompile Include="Day058_PracticeClass_29.cpp">
      <Filter>Source Files</Filter>
    </ClCompile>
    <ClCompile Include="PracticeClass_29_duck.cpp">
      <Filter>Source Files</Filter>
    </ClCompile>
    <ClCompile Include="PracticeClass_29_walk.cpp">
      <Filter>Source Files</Filter>
    </ClCompile>
    <ClCompile Include="PracticeClass_29_fly.cpp">
      <Filter>Source Files</Filter>
    </ClCompile>
    <ClCompile Include="Day059_PracticeClass_30.cpp">
      <Filter>Source Files</Filter>
    </ClCompile>
    <ClCompile Include="PracticeClass_30_move.cpp">
      <Filter>Source Files</Filter>
    </ClCompile>
    <ClCompile Include="PracticeClass_30_fly.cpp">
      <Filter>Source Files</Filter>
    </ClCompile>
    <ClCompile Include="PracticeClass_30_swim.cpp">
      <Filter>Source Files</Filter>
    </ClCompile>
    <ClCompile Include="PracticeClass_30_walk.cpp">
      <Filter>Source Files</Filter>
    </ClCompile>
    <ClCompile Include="PracticeClass_30_moveMgr.cpp">
      <Filter>Source Files</Filter>
    </ClCompile>
    <ClCompile Include="PracticeClass_30_duck.cpp">
      <Filter>Source Files</Filter>
    </ClCompile>
    <ClCompile Include="Day057_PracticeClass_28.cpp">
      <Filter>Source Files</Filter>
    </ClCompile>
    <ClCompile Include="Day061_PracticeDS_1.cpp">
      <Filter>Source Files</Filter>
    </ClCompile>
    <ClCompile Include="Day062_PracticeDS_3.cpp">
      <Filter>Source Files</Filter>
    </ClCompile>
    <ClCompile Include="Day062_PracticeDS_2.cpp">
      <Filter>Source Files</Filter>
    </ClCompile>
    <ClCompile Include="Day063-64_PracticeDS_4.cpp">
      <Filter>Source Files</Filter>
    </ClCompile>
    <ClCompile Include="Day060_PracticeClass_31.cpp">
      <Filter>Source Files</Filter>
    </ClCompile>
    <ClCompile Include="PracticeClass_31_walk.cpp">
      <Filter>Source Files</Filter>
    </ClCompile>
    <ClCompile Include="PracticeClass_31_fly.cpp">
      <Filter>Source Files</Filter>
    </ClCompile>
    <ClCompile Include="PracticeClass_31_swim.cpp">
      <Filter>Source Files</Filter>
    </ClCompile>
    <ClCompile Include="PracticeClass_31_moveMgr.cpp">
      <Filter>Source Files</Filter>
    </ClCompile>
    <ClCompile Include="Day060_PracticeClass_31_Factory.cpp">
      <Filter>Source Files</Filter>
    </ClCompile>
    <ClCompile Include="PracticeClass_31_F_fly.cpp">
      <Filter>Source Files</Filter>
    </ClCompile>
    <ClCompile Include="PracticeClass_31_F_swim.cpp">
      <Filter>Source Files</Filter>
    </ClCompile>
    <ClCompile Include="PracticeClass_31_F_walk.cpp">
      <Filter>Source Files</Filter>
    </ClCompile>
    <ClCompile Include="PracticeClass_31_F_movefactory.cpp">
      <Filter>Source Files</Filter>
    </ClCompile>
    <ClCompile Include="PracticeClass_31_F_moveMgr.cpp">
      <Filter>Source Files</Filter>
    </ClCompile>
    <ClCompile Include="Day066_PracticeDS_5.cpp">
      <Filter>Source Files</Filter>
    </ClCompile>
    <ClCompile Include="Day067_PracticeDS_6.cpp">
      <Filter>Source Files</Filter>
    </ClCompile>
    <ClCompile Include="Day067_PracticeDS_7.cpp">
      <Filter>Source Files</Filter>
    </ClCompile>
    <ClCompile Include="Day068_PracticeDS_8.cpp">
      <Filter>Source Files</Filter>
    </ClCompile>
    <ClCompile Include="Day068_PracticeDS_9.cpp">
      <Filter>Source Files</Filter>
    </ClCompile>
    <ClCompile Include="Day069_PracticeDS_10.cpp">
      <Filter>Source Files</Filter>
    </ClCompile>
    <ClCompile Include="Day070_PracticeDS_11.cpp">
      <Filter>Source Files</Filter>
    </ClCompile>
    <ClCompile Include="Day071_PracticeDS_12.cpp">
      <Filter>Source Files</Filter>
    </ClCompile>
    <ClCompile Include="Day072_PracticeDS_13.cpp">
      <Filter>Source Files</Filter>
    </ClCompile>
    <ClCompile Include="Day074_PracticeDS_14.cpp">
      <Filter>Source Files</Filter>
    </ClCompile>
    <ClCompile Include="PracticeDS_14.cpp">
      <Filter>Source Files</Filter>
    </ClCompile>
    <ClCompile Include="Day075-76_PracticeDS_15.cpp">
      <Filter>Source Files</Filter>
    </ClCompile>
    <ClCompile Include="PracticeDS_15.cpp">
      <Filter>Source Files</Filter>
    </ClCompile>
    <ClCompile Include="Day077_PracticeDS_16.cpp">
      <Filter>Source Files</Filter>
    </ClCompile>
    <ClCompile Include="PracticeDS_16.cpp">
      <Filter>Source Files</Filter>
    </ClCompile>
    <ClCompile Include="PracticeDS_17_node.cpp">
      <Filter>Source Files</Filter>
    </ClCompile>
    <ClCompile Include="PracticeDS_17_linkedlist.cpp">
      <Filter>Source Files</Filter>
    </ClCompile>
    <ClCompile Include="Day078-79_PracticeDS_17.cpp">
      <Filter>Source Files</Filter>
    </ClCompile>
    <ClCompile Include="PracticeDS_18.cpp">
      <Filter>Source Files</Filter>
    </ClCompile>
    <ClCompile Include="Day080-82_PracticeDS_18.cpp">
      <Filter>Source Files</Filter>
    </ClCompile>
    <ClCompile Include="PracticeDS_18_v2.cpp">
      <Filter>Source Files</Filter>
    </ClCompile>
    <ClCompile Include="Day080-82_PracticeDS_18_v2.cpp">
      <Filter>Source Files</Filter>
    </ClCompile>
  </ItemGroup>
  <ItemGroup>
    <ClInclude Include="PracticeClass_2.h">
      <Filter>Header Files</Filter>
    </ClInclude>
    <ClInclude Include="PracticeClass_3.h">
      <Filter>Header Files</Filter>
    </ClInclude>
    <ClInclude Include="PracticeClass_5_1.h">
      <Filter>Header Files</Filter>
    </ClInclude>
    <ClInclude Include="PracticeClass_5_2.h">
      <Filter>Header Files</Filter>
    </ClInclude>
    <ClInclude Include="PracticeClass_15.h">
      <Filter>Header Files</Filter>
    </ClInclude>
    <ClInclude Include="PracticeClass_17.h">
      <Filter>Header Files</Filter>
    </ClInclude>
    <ClInclude Include="PracticeClass_26_animal.h">
      <Filter>Header Files</Filter>
    </ClInclude>
    <ClInclude Include="PracticeClass_26_duck.h">
      <Filter>Header Files</Filter>
    </ClInclude>
    <ClInclude Include="PracticeClass_26_cat.h">
      <Filter>Header Files</Filter>
    </ClInclude>
    <ClInclude Include="PracticeClass_29_duck.h">
      <Filter>Header Files</Filter>
    </ClInclude>
    <ClInclude Include="PracticeClass_29_move.h">
      <Filter>Header Files</Filter>
    </ClInclude>
    <ClInclude Include="PracticeClass_29_walk.h">
      <Filter>Header Files</Filter>
    </ClInclude>
    <ClInclude Include="PracticeClass_29_fly.h">
      <Filter>Header Files</Filter>
    </ClInclude>
    <ClInclude Include="PracticeClass_30_move.h">
      <Filter>Header Files</Filter>
    </ClInclude>
    <ClInclude Include="PracticeClass_30_fly.h">
      <Filter>Header Files</Filter>
    </ClInclude>
    <ClInclude Include="PracticeClass_30_swim.h">
      <Filter>Header Files</Filter>
    </ClInclude>
    <ClInclude Include="PracticeClass_30_walk.h">
      <Filter>Header Files</Filter>
    </ClInclude>
    <ClInclude Include="PracticeClass_30_moveMgr.h">
      <Filter>Header Files</Filter>
    </ClInclude>
    <ClInclude Include="PracticeClass_30_duck.h">
      <Filter>Header Files</Filter>
    </ClInclude>
    <ClInclude Include="PracticeClass_31_walk.h">
      <Filter>Header Files</Filter>
    </ClInclude>
    <ClInclude Include="PracticeClass_31_move.h">
      <Filter>Header Files</Filter>
    </ClInclude>
    <ClInclude Include="PracticeClass_31_fly.h">
      <Filter>Header Files</Filter>
    </ClInclude>
    <ClInclude Include="PracticeClass_31_swim.h">
      <Filter>Header Files</Filter>
    </ClInclude>
    <ClInclude Include="PracticeClass_31_moveMgr.h">
      <Filter>Header Files</Filter>
    </ClInclude>
    <ClInclude Include="PracticeClass_31_F_move.h">
      <Filter>Header Files</Filter>
    </ClInclude>
    <ClInclude Include="PracticeClass_31_F_fly.h">
      <Filter>Header Files</Filter>
    </ClInclude>
    <ClInclude Include="PracticeClass_31_F_swim.h">
      <Filter>Header Files</Filter>
    </ClInclude>
    <ClInclude Include="PracticeClass_31_F_walk.h">
      <Filter>Header Files</Filter>
    </ClInclude>
    <ClInclude Include="PracticeClass_31_F_movefactory.h">
      <Filter>Header Files</Filter>
    </ClInclude>
    <ClInclude Include="PracticeClass_31_F_moveMgr.h">
      <Filter>Header Files</Filter>
    </ClInclude>
    <ClInclude Include="PracticeDS_14.h">
      <Filter>Header Files</Filter>
    </ClInclude>
    <ClInclude Include="PracticeDS_15.h">
      <Filter>Header Files</Filter>
    </ClInclude>
    <ClInclude Include="PracticeDS_16.h">
      <Filter>Header Files</Filter>
    </ClInclude>
    <ClInclude Include="PracticeDS_17_node.h">
      <Filter>Header Files</Filter>
    </ClInclude>
    <ClInclude Include="PracticeDS_17_linkedlist.h">
      <Filter>Header Files</Filter>
    </ClInclude>
    <ClInclude Include="PracticeDS_18.h">
      <Filter>Header Files</Filter>
    </ClInclude>
    <ClInclude Include="PracticeDS_18_v2.h">
      <Filter>Header Files</Filter>
    </ClInclude>
  </ItemGroup>
</Project>